// !$*UTF8*$!
{
	archiveVersion = 1;
	classes = {
	};
	objectVersion = 77;
	objects = {

/* Begin PBXContainerItemProxy section */
		2F864D2A2E02ABA10003EEB0 /* PBXContainerItemProxy */ = {
			isa = PBXContainerItemProxy;
			containerPortal = 2F864D142E02AB9F0003EEB0 /* Project object */;
			proxyType = 1;
			remoteGlobalIDString = 2F864D1B2E02AB9F0003EEB0;
			remoteInfo = MovieDemoApp;
		};
		2F864D342E02ABA10003EEB0 /* PBXContainerItemProxy */ = {
			isa = PBXContainerItemProxy;
			containerPortal = 2F864D142E02AB9F0003EEB0 /* Project object */;
			proxyType = 1;
			remoteGlobalIDString = 2F864D1B2E02AB9F0003EEB0;
			remoteInfo = MovieDemoApp;
		};
/* End PBXContainerItemProxy section */

/* Begin PBXFileReference section */
		2F864D1C2E02AB9F0003EEB0 /* MovieDemoApp.app */ = {isa = PBXFileReference; explicitFileType = wrapper.application; includeInIndex = 0; path = MovieDemoApp.app; sourceTree = BUILT_PRODUCTS_DIR; };
		2F864D292E02ABA10003EEB0 /* MovieDemoAppTests.xctest */ = {isa = PBXFileReference; explicitFileType = wrapper.cfbundle; includeInIndex = 0; path = MovieDemoAppTests.xctest; sourceTree = BUILT_PRODUCTS_DIR; };
		2F864D332E02ABA10003EEB0 /* MovieDemoAppUITests.xctest */ = {isa = PBXFileReference; explicitFileType = wrapper.cfbundle; includeInIndex = 0; path = MovieDemoAppUITests.xctest; sourceTree = BUILT_PRODUCTS_DIR; };
/* End PBXFileReference section */

/* Begin PBXFileSystemSynchronizedBuildFileExceptionSet section */
		2F864D552E02D0F90003EEB0 /* Exceptions for "MovieDemoApp" folder in "MovieDemoApp" target */ = {
			isa = PBXFileSystemSynchronizedBuildFileExceptionSet;
			membershipExceptions = (
				Info.plist,
			);
			target = 2F864D1B2E02AB9F0003EEB0 /* MovieDemoApp */;
		};
/* End PBXFileSystemSynchronizedBuildFileExceptionSet section */

/* Begin PBXFileSystemSynchronizedRootGroup section */
		2F864D1E2E02AB9F0003EEB0 /* MovieDemoApp */ = {
			isa = PBXFileSystemSynchronizedRootGroup;
			exceptions = (
				2F864D552E02D0F90003EEB0 /* Exceptions for "MovieDemoApp" folder in "MovieDemoApp" target */,
			);
			path = MovieDemoApp;
			sourceTree = "<group>";
		};
		2F864D2C2E02ABA10003EEB0 /* MovieDemoAppTests */ = {
			isa = PBXFileSystemSynchronizedRootGroup;
			path = MovieDemoAppTests;
			sourceTree = "<group>";
		};
		2F864D362E02ABA10003EEB0 /* MovieDemoAppUITests */ = {
			isa = PBXFileSystemSynchronizedRootGroup;
			path = MovieDemoAppUITests;
			sourceTree = "<group>";
		};
/* End PBXFileSystemSynchronizedRootGroup section */

/* Begin PBXFrameworksBuildPhase section */
		2F864D192E02AB9F0003EEB0 /* Frameworks */ = {
			isa = PBXFrameworksBuildPhase;
			buildActionMask = 2147483647;
			files = (
			);
			runOnlyForDeploymentPostprocessing = 0;
		};
		2F864D262E02ABA10003EEB0 /* Frameworks */ = {
			isa = PBXFrameworksBuildPhase;
			buildActionMask = 2147483647;
			files = (
			);
			runOnlyForDeploymentPostprocessing = 0;
		};
		2F864D302E02ABA10003EEB0 /* Frameworks */ = {
			isa = PBXFrameworksBuildPhase;
			buildActionMask = 2147483647;
			files = (
			);
			runOnlyForDeploymentPostprocessing = 0;
		};
/* End PBXFrameworksBuildPhase section */

/* Begin PBXGroup section */
		2F864D132E02AB9F0003EEB0 = {
			isa = PBXGroup;
			children = (
				2F864D1E2E02AB9F0003EEB0 /* MovieDemoApp */,
				2F864D2C2E02ABA10003EEB0 /* MovieDemoAppTests */,
				2F864D362E02ABA10003EEB0 /* MovieDemoAppUITests */,
				2F864D1D2E02AB9F0003EEB0 /* Products */,
			);
			sourceTree = "<group>";
		};
		2F864D1D2E02AB9F0003EEB0 /* Products */ = {
			isa = PBXGroup;
			children = (
				2F864D1C2E02AB9F0003EEB0 /* MovieDemoApp.app */,
				2F864D292E02ABA10003EEB0 /* MovieDemoAppTests.xctest */,
				2F864D332E02ABA10003EEB0 /* MovieDemoAppUITests.xctest */,
			);
			name = Products;
			sourceTree = "<group>";
		};
/* End PBXGroup section */

/* Begin PBXNativeTarget section */
		2F864D1B2E02AB9F0003EEB0 /* MovieDemoApp */ = {
			isa = PBXNativeTarget;
			buildConfigurationList = 2F864D3D2E02ABA10003EEB0 /* Build configuration list for PBXNativeTarget "MovieDemoApp" */;
			buildPhases = (
				2F864D182E02AB9F0003EEB0 /* Sources */,
				2F864D192E02AB9F0003EEB0 /* Frameworks */,
				2F864D1A2E02AB9F0003EEB0 /* Resources */,
			);
			buildRules = (
			);
			dependencies = (
			);
			fileSystemSynchronizedGroups = (
				2F864D1E2E02AB9F0003EEB0 /* MovieDemoApp */,
			);
			name = MovieDemoApp;
			packageProductDependencies = (
			);
			productName = MovieDemoApp;
			productReference = 2F864D1C2E02AB9F0003EEB0 /* MovieDemoApp.app */;
			productType = "com.apple.product-type.application";
		};
		2F864D282E02ABA10003EEB0 /* MovieDemoAppTests */ = {
			isa = PBXNativeTarget;
			buildConfigurationList = 2F864D402E02ABA10003EEB0 /* Build configuration list for PBXNativeTarget "MovieDemoAppTests" */;
			buildPhases = (
				2F864D252E02ABA10003EEB0 /* Sources */,
				2F864D262E02ABA10003EEB0 /* Frameworks */,
				2F864D272E02ABA10003EEB0 /* Resources */,
			);
			buildRules = (
			);
			dependencies = (
				2F864D2B2E02ABA10003EEB0 /* PBXTargetDependency */,
			);
			fileSystemSynchronizedGroups = (
				2F864D2C2E02ABA10003EEB0 /* MovieDemoAppTests */,
			);
			name = MovieDemoAppTests;
			packageProductDependencies = (
			);
			productName = MovieDemoAppTests;
			productReference = 2F864D292E02ABA10003EEB0 /* MovieDemoAppTests.xctest */;
			productType = "com.apple.product-type.bundle.unit-test";
		};
		2F864D322E02ABA10003EEB0 /* MovieDemoAppUITests */ = {
			isa = PBXNativeTarget;
			buildConfigurationList = 2F864D432E02ABA10003EEB0 /* Build configuration list for PBXNativeTarget "MovieDemoAppUITests" */;
			buildPhases = (
				2F864D2F2E02ABA10003EEB0 /* Sources */,
				2F864D302E02ABA10003EEB0 /* Frameworks */,
				2F864D312E02ABA10003EEB0 /* Resources */,
			);
			buildRules = (
			);
			dependencies = (
				2F864D352E02ABA10003EEB0 /* PBXTargetDependency */,
			);
			fileSystemSynchronizedGroups = (
				2F864D362E02ABA10003EEB0 /* MovieDemoAppUITests */,
			);
			name = MovieDemoAppUITests;
			packageProductDependencies = (
			);
			productName = MovieDemoAppUITests;
			productReference = 2F864D332E02ABA10003EEB0 /* MovieDemoAppUITests.xctest */;
			productType = "com.apple.product-type.bundle.ui-testing";
		};
/* End PBXNativeTarget section */

/* Begin PBXProject section */
		2F864D142E02AB9F0003EEB0 /* Project object */ = {
			isa = PBXProject;
			attributes = {
				BuildIndependentTargetsInParallel = 1;
				LastSwiftUpdateCheck = 1640;
				LastUpgradeCheck = 1640;
				TargetAttributes = {
					2F864D1B2E02AB9F0003EEB0 = {
						CreatedOnToolsVersion = 16.4;
					};
					2F864D282E02ABA10003EEB0 = {
						CreatedOnToolsVersion = 16.4;
						TestTargetID = 2F864D1B2E02AB9F0003EEB0;
					};
					2F864D322E02ABA10003EEB0 = {
						CreatedOnToolsVersion = 16.4;
						TestTargetID = 2F864D1B2E02AB9F0003EEB0;
					};
				};
			};
			buildConfigurationList = 2F864D172E02AB9F0003EEB0 /* Build configuration list for PBXProject "MovieDemoApp" */;
			developmentRegion = en;
			hasScannedForEncodings = 0;
			knownRegions = (
				en,
				Base,
			);
			mainGroup = 2F864D132E02AB9F0003EEB0;
			minimizedProjectReferenceProxies = 1;
			preferredProjectObjectVersion = 77;
			productRefGroup = 2F864D1D2E02AB9F0003EEB0 /* Products */;
			projectDirPath = "";
			projectRoot = "";
			targets = (
				2F864D1B2E02AB9F0003EEB0 /* MovieDemoApp */,
				2F864D282E02ABA10003EEB0 /* MovieDemoAppTests */,
				2F864D322E02ABA10003EEB0 /* MovieDemoAppUITests */,
			);
		};
/* End PBXProject section */

/* Begin PBXResourcesBuildPhase section */
		2F864D1A2E02AB9F0003EEB0 /* Resources */ = {
			isa = PBXResourcesBuildPhase;
			buildActionMask = 2147483647;
			files = (
			);
			runOnlyForDeploymentPostprocessing = 0;
		};
		2F864D272E02ABA10003EEB0 /* Resources */ = {
			isa = PBXResourcesBuildPhase;
			buildActionMask = 2147483647;
			files = (
			);
			runOnlyForDeploymentPostprocessing = 0;
		};
		2F864D312E02ABA10003EEB0 /* Resources */ = {
			isa = PBXResourcesBuildPhase;
			buildActionMask = 2147483647;
			files = (
			);
			runOnlyForDeploymentPostprocessing = 0;
		};
/* End PBXResourcesBuildPhase section */

/* Begin PBXSourcesBuildPhase section */
		2F864D182E02AB9F0003EEB0 /* Sources */ = {
			isa = PBXSourcesBuildPhase;
			buildActionMask = 2147483647;
			files = (
			);
			runOnlyForDeploymentPostprocessing = 0;
		};
		2F864D252E02ABA10003EEB0 /* Sources */ = {
			isa = PBXSourcesBuildPhase;
			buildActionMask = 2147483647;
			files = (
			);
			runOnlyForDeploymentPostprocessing = 0;
		};
		2F864D2F2E02ABA10003EEB0 /* Sources */ = {
			isa = PBXSourcesBuildPhase;
			buildActionMask = 2147483647;
			files = (
			);
			runOnlyForDeploymentPostprocessing = 0;
		};
/* End PBXSourcesBuildPhase section */

/* Begin PBXTargetDependency section */
		2F864D2B2E02ABA10003EEB0 /* PBXTargetDependency */ = {
			isa = PBXTargetDependency;
			target = 2F864D1B2E02AB9F0003EEB0 /* MovieDemoApp */;
			targetProxy = 2F864D2A2E02ABA10003EEB0 /* PBXContainerItemProxy */;
		};
		2F864D352E02ABA10003EEB0 /* PBXTargetDependency */ = {
			isa = PBXTargetDependency;
			target = 2F864D1B2E02AB9F0003EEB0 /* MovieDemoApp */;
			targetProxy = 2F864D342E02ABA10003EEB0 /* PBXContainerItemProxy */;
		};
/* End PBXTargetDependency section */

/* Begin XCBuildConfiguration section */
		2F864D3B2E02ABA10003EEB0 /* Debug */ = {
			isa = XCBuildConfiguration;
			buildSettings = {
				ALWAYS_SEARCH_USER_PATHS = NO;
				ASSETCATALOG_COMPILER_GENERATE_SWIFT_ASSET_SYMBOL_EXTENSIONS = YES;
				CLANG_ANALYZER_NONNULL = YES;
				CLANG_ANALYZER_NUMBER_OBJECT_CONVERSION = YES_AGGRESSIVE;
				CLANG_CXX_LANGUAGE_STANDARD = "gnu++20";
				CLANG_ENABLE_MODULES = YES;
				CLANG_ENABLE_OBJC_ARC = YES;
				CLANG_ENABLE_OBJC_WEAK = YES;
				CLANG_WARN_BLOCK_CAPTURE_AUTORELEASING = YES;
				CLANG_WARN_BOOL_CONVERSION = YES;
				CLANG_WARN_COMMA = YES;
				CLANG_WARN_CONSTANT_CONVERSION = YES;
				CLANG_WARN_DEPRECATED_OBJC_IMPLEMENTATIONS = YES;
				CLANG_WARN_DIRECT_OBJC_ISA_USAGE = YES_ERROR;
				CLANG_WARN_DOCUMENTATION_COMMENTS = YES;
				CLANG_WARN_EMPTY_BODY = YES;
				CLANG_WARN_ENUM_CONVERSION = YES;
				CLANG_WARN_INFINITE_RECURSION = YES;
				CLANG_WARN_INT_CONVERSION = YES;
				CLANG_WARN_NON_LITERAL_NULL_CONVERSION = YES;
				CLANG_WARN_OBJC_IMPLICIT_RETAIN_SELF = YES;
				CLANG_WARN_OBJC_LITERAL_CONVERSION = YES;
				CLANG_WARN_OBJC_ROOT_CLASS = YES_ERROR;
				CLANG_WARN_QUOTED_INCLUDE_IN_FRAMEWORK_HEADER = YES;
				CLANG_WARN_RANGE_LOOP_ANALYSIS = YES;
				CLANG_WARN_STRICT_PROTOTYPES = YES;
				CLANG_WARN_SUSPICIOUS_MOVE = YES;
				CLANG_WARN_UNGUARDED_AVAILABILITY = YES_AGGRESSIVE;
				CLANG_WARN_UNREACHABLE_CODE = YES;
				CLANG_WARN__DUPLICATE_METHOD_MATCH = YES;
				COPY_PHASE_STRIP = NO;
				DEBUG_INFORMATION_FORMAT = dwarf;
				DEVELOPMENT_TEAM = LU893QGJWJ;
				ENABLE_STRICT_OBJC_MSGSEND = YES;
				ENABLE_TESTABILITY = YES;
				ENABLE_USER_SCRIPT_SANDBOXING = YES;
				GCC_C_LANGUAGE_STANDARD = gnu17;
				GCC_DYNAMIC_NO_PIC = NO;
				GCC_NO_COMMON_BLOCKS = YES;
				GCC_OPTIMIZATION_LEVEL = 0;
				GCC_PREPROCESSOR_DEFINITIONS = (
					"DEBUG=1",
					"$(inherited)",
				);
				GCC_WARN_64_TO_32_BIT_CONVERSION = YES;
				GCC_WARN_ABOUT_RETURN_TYPE = YES_ERROR;
				GCC_WARN_UNDECLARED_SELECTOR = YES;
				GCC_WARN_UNINITIALIZED_AUTOS = YES_AGGRESSIVE;
				GCC_WARN_UNUSED_FUNCTION = YES;
				GCC_WARN_UNUSED_VARIABLE = YES;
				IPHONEOS_DEPLOYMENT_TARGET = 18.5;
				LOCALIZATION_PREFERS_STRING_CATALOGS = YES;
				MTL_ENABLE_DEBUG_INFO = INCLUDE_SOURCE;
				MTL_FAST_MATH = YES;
				ONLY_ACTIVE_ARCH = YES;
				SDKROOT = iphoneos;
				SWIFT_ACTIVE_COMPILATION_CONDITIONS = "DEBUG $(inherited)";
				SWIFT_OPTIMIZATION_LEVEL = "-Onone";
			};
			name = Debug;
		};
		2F864D3C2E02ABA10003EEB0 /* Release */ = {
			isa = XCBuildConfiguration;
			buildSettings = {
				ALWAYS_SEARCH_USER_PATHS = NO;
				ASSETCATALOG_COMPILER_GENERATE_SWIFT_ASSET_SYMBOL_EXTENSIONS = YES;
				CLANG_ANALYZER_NONNULL = YES;
				CLANG_ANALYZER_NUMBER_OBJECT_CONVERSION = YES_AGGRESSIVE;
				CLANG_CXX_LANGUAGE_STANDARD = "gnu++20";
				CLANG_ENABLE_MODULES = YES;
				CLANG_ENABLE_OBJC_ARC = YES;
				CLANG_ENABLE_OBJC_WEAK = YES;
				CLANG_WARN_BLOCK_CAPTURE_AUTORELEASING = YES;
				CLANG_WARN_BOOL_CONVERSION = YES;
				CLANG_WARN_COMMA = YES;
				CLANG_WARN_CONSTANT_CONVERSION = YES;
				CLANG_WARN_DEPRECATED_OBJC_IMPLEMENTATIONS = YES;
				CLANG_WARN_DIRECT_OBJC_ISA_USAGE = YES_ERROR;
				CLANG_WARN_DOCUMENTATION_COMMENTS = YES;
				CLANG_WARN_EMPTY_BODY = YES;
				CLANG_WARN_ENUM_CONVERSION = YES;
				CLANG_WARN_INFINITE_RECURSION = YES;
				CLANG_WARN_INT_CONVERSION = YES;
				CLANG_WARN_NON_LITERAL_NULL_CONVERSION = YES;
				CLANG_WARN_OBJC_IMPLICIT_RETAIN_SELF = YES;
				CLANG_WARN_OBJC_LITERAL_CONVERSION = YES;
				CLANG_WARN_OBJC_ROOT_CLASS = YES_ERROR;
				CLANG_WARN_QUOTED_INCLUDE_IN_FRAMEWORK_HEADER = YES;
				CLANG_WARN_RANGE_LOOP_ANALYSIS = YES;
				CLANG_WARN_STRICT_PROTOTYPES = YES;
				CLANG_WARN_SUSPICIOUS_MOVE = YES;
				CLANG_WARN_UNGUARDED_AVAILABILITY = YES_AGGRESSIVE;
				CLANG_WARN_UNREACHABLE_CODE = YES;
				CLANG_WARN__DUPLICATE_METHOD_MATCH = YES;
				COPY_PHASE_STRIP = NO;
				DEBUG_INFORMATION_FORMAT = "dwarf-with-dsym";
				DEVELOPMENT_TEAM = LU893QGJWJ;
				ENABLE_NS_ASSERTIONS = NO;
				ENABLE_STRICT_OBJC_MSGSEND = YES;
				ENABLE_USER_SCRIPT_SANDBOXING = YES;
				GCC_C_LANGUAGE_STANDARD = gnu17;
				GCC_NO_COMMON_BLOCKS = YES;
				GCC_WARN_64_TO_32_BIT_CONVERSION = YES;
				GCC_WARN_ABOUT_RETURN_TYPE = YES_ERROR;
				GCC_WARN_UNDECLARED_SELECTOR = YES;
				GCC_WARN_UNINITIALIZED_AUTOS = YES_AGGRESSIVE;
				GCC_WARN_UNUSED_FUNCTION = YES;
				GCC_WARN_UNUSED_VARIABLE = YES;
				IPHONEOS_DEPLOYMENT_TARGET = 18.5;
				LOCALIZATION_PREFERS_STRING_CATALOGS = YES;
				MTL_ENABLE_DEBUG_INFO = NO;
				MTL_FAST_MATH = YES;
				SDKROOT = iphoneos;
				SWIFT_COMPILATION_MODE = wholemodule;
				VALIDATE_PRODUCT = YES;
			};
			name = Release;
		};
		2F864D3E2E02ABA10003EEB0 /* Debug */ = {
			isa = XCBuildConfiguration;
			buildSettings = {
				ASSETCATALOG_COMPILER_APPICON_NAME = AppIcon;
				ASSETCATALOG_COMPILER_GLOBAL_ACCENT_COLOR_NAME = AccentColor;
				CODE_SIGN_STYLE = Automatic;
				CURRENT_PROJECT_VERSION = 1;
				DEVELOPMENT_TEAM = LU893QGJWJ;
				ENABLE_PREVIEWS = YES;
				GENERATE_INFOPLIST_FILE = YES;
				INFOPLIST_FILE = MovieDemoApp/Info.plist;
				INFOPLIST_KEY_UIApplicationSceneManifest_Generation = YES;
				INFOPLIST_KEY_UIApplicationSupportsIndirectInputEvents = YES;
				INFOPLIST_KEY_UILaunchScreen_Generation = YES;
				INFOPLIST_KEY_UISupportedInterfaceOrientations_iPad = "UIInterfaceOrientationPortrait UIInterfaceOrientationPortraitUpsideDown UIInterfaceOrientationLandscapeLeft UIInterfaceOrientationLandscapeRight";
				INFOPLIST_KEY_UISupportedInterfaceOrientations_iPhone = "UIInterfaceOrientationPortrait UIInterfaceOrientationLandscapeLeft UIInterfaceOrientationLandscapeRight";
				LD_RUNPATH_SEARCH_PATHS = (
					"$(inherited)",
					"@executable_path/Frameworks",
				);
				MARKETING_VERSION = 1.0;
				PRODUCT_BUNDLE_IDENTIFIER = BhumikaiOS.MovieDemoApp;
				PRODUCT_NAME = "$(TARGET_NAME)";
				SWIFT_EMIT_LOC_STRINGS = YES;
				SWIFT_VERSION = 5.0;
				TARGETED_DEVICE_FAMILY = "1,2";
			};
			name = Debug;
		};
		2F864D3F2E02ABA10003EEB0 /* Release */ = {
			isa = XCBuildConfiguration;
			buildSettings = {
				ASSETCATALOG_COMPILER_APPICON_NAME = AppIcon;
				ASSETCATALOG_COMPILER_GLOBAL_ACCENT_COLOR_NAME = AccentColor;
				CODE_SIGN_STYLE = Automatic;
				CURRENT_PROJECT_VERSION = 1;
				DEVELOPMENT_TEAM = LU893QGJWJ;
				ENABLE_PREVIEWS = YES;
				GENERATE_INFOPLIST_FILE = YES;
				INFOPLIST_FILE = MovieDemoApp/Info.plist;
				INFOPLIST_KEY_UIApplicationSceneManifest_Generation = YES;
				INFOPLIST_KEY_UIApplicationSupportsIndirectInputEvents = YES;
				INFOPLIST_KEY_UILaunchScreen_Generation = YES;
				INFOPLIST_KEY_UISupportedInterfaceOrientations_iPad = "UIInterfaceOrientationPortrait UIInterfaceOrientationPortraitUpsideDown UIInterfaceOrientationLandscapeLeft UIInterfaceOrientationLandscapeRight";
				INFOPLIST_KEY_UISupportedInterfaceOrientations_iPhone = "UIInterfaceOrientationPortrait UIInterfaceOrientationLandscapeLeft UIInterfaceOrientationLandscapeRight";
				LD_RUNPATH_SEARCH_PATHS = (
					"$(inherited)",
					"@executable_path/Frameworks",
				);
				MARKETING_VERSION = 1.0;
				PRODUCT_BUNDLE_IDENTIFIER = BhumikaiOS.MovieDemoApp;
				PRODUCT_NAME = "$(TARGET_NAME)";
				SWIFT_EMIT_LOC_STRINGS = YES;
				SWIFT_VERSION = 5.0;
				TARGETED_DEVICE_FAMILY = "1,2";
			};
			name = Release;
		};
		2F864D412E02ABA10003EEB0 /* Debug */ = {
			isa = XCBuildConfiguration;
			buildSettings = {
				BUNDLE_LOADER = "$(TEST_HOST)";
				CODE_SIGN_STYLE = Automatic;
				CURRENT_PROJECT_VERSION = 1;
				DEVELOPMENT_TEAM = LU893QGJWJ;
				GENERATE_INFOPLIST_FILE = YES;
				IPHONEOS_DEPLOYMENT_TARGET = 18.5;
				MARKETING_VERSION = 1.0;
				PRODUCT_BUNDLE_IDENTIFIER = BhumikaiOS.MovieDemoAppTests;
				PRODUCT_NAME = "$(TARGET_NAME)";
				SWIFT_EMIT_LOC_STRINGS = NO;
				SWIFT_VERSION = 5.0;
				TARGETED_DEVICE_FAMILY = "1,2";
				TEST_HOST = "$(BUILT_PRODUCTS_DIR)/MovieDemoApp.app/$(BUNDLE_EXECUTABLE_FOLDER_PATH)/MovieDemoApp";
			};
			name = Debug;
		};
		2F864D422E02ABA10003EEB0 /* Release */ = {
			isa = XCBuildConfiguration;
			buildSettings = {
				BUNDLE_LOADER = "$(TEST_HOST)";
				CODE_SIGN_STYLE = Automatic;
				CURRENT_PROJECT_VERSION = 1;
				DEVELOPMENT_TEAM = LU893QGJWJ;
				GENERATE_INFOPLIST_FILE = YES;
				IPHONEOS_DEPLOYMENT_TARGET = 18.5;
				MARKETING_VERSION = 1.0;
				PRODUCT_BUNDLE_IDENTIFIER = BhumikaiOS.MovieDemoAppTests;
				PRODUCT_NAME = "$(TARGET_NAME)";
				SWIFT_EMIT_LOC_STRINGS = NO;
				SWIFT_VERSION = 5.0;
				TARGETED_DEVICE_FAMILY = "1,2";
				TEST_HOST = "$(BUILT_PRODUCTS_DIR)/MovieDemoApp.app/$(BUNDLE_EXECUTABLE_FOLDER_PATH)/MovieDemoApp";
			};
			name = Release;
		};
		2F864D442E02ABA10003EEB0 /* Debug */ = {
			isa = XCBuildConfiguration;
			buildSettings = {
				CODE_SIGN_STYLE = Automatic;
				CURRENT_PROJECT_VERSION = 1;
				DEVELOPMENT_TEAM = LU893QGJWJ;
				GENERATE_INFOPLIST_FILE = YES;
				MARKETING_VERSION = 1.0;
				PRODUCT_BUNDLE_IDENTIFIER = BhumikaiOS.MovieDemoAppUITests;
				PRODUCT_NAME = "$(TARGET_NAME)";
				SWIFT_EMIT_LOC_STRINGS = NO;
				SWIFT_VERSION = 5.0;
				TARGETED_DEVICE_FAMILY = "1,2";
				TEST_TARGET_NAME = MovieDemoApp;
			};
			name = Debug;
		};
		2F864D452E02ABA10003EEB0 /* Release */ = {
			isa = XCBuildConfiguration;
			buildSettings = {
				CODE_SIGN_STYLE = Automatic;
				CURRENT_PROJECT_VERSION = 1;
				DEVELOPMENT_TEAM = LU893QGJWJ;
				GENERATE_INFOPLIST_FILE = YES;
				MARKETING_VERSION = 1.0;
				PRODUCT_BUNDLE_IDENTIFIER = BhumikaiOS.MovieDemoAppUITests;
				PRODUCT_NAME = "$(TARGET_NAME)";
				SWIFT_EMIT_LOC_STRINGS = NO;
				SWIFT_VERSION = 5.0;
				TARGETED_DEVICE_FAMILY = "1,2";
				TEST_TARGET_NAME = MovieDemoApp;
			};
			name = Release;
		};
/* End XCBuildConfiguration section */

/* Begin XCConfigurationList section */
		2F864D172E02AB9F0003EEB0 /* Build configuration list for PBXProject "MovieDemoApp" */ = {
			isa = XCConfigurationList;
			buildConfigurations = (
				2F864D3B2E02ABA10003EEB0 /* Debug */,
				2F864D3C2E02ABA10003EEB0 /* Release */,
			);
			defaultConfigurationIsVisible = 0;
			defaultConfigurationName = Release;
		};
		2F864D3D2E02ABA10003EEB0 /* Build configuration list for PBXNativeTarget "MovieDemoApp" */ = {
			isa = XCConfigurationList;
			buildConfigurations = (
				2F864D3E2E02ABA10003EEB0 /* Debug */,
				2F864D3F2E02ABA10003EEB0 /* Release */,
			);
			defaultConfigurationIsVisible = 0;
			defaultConfigurationName = Release;
		};
		2F864D402E02ABA10003EEB0 /* Build configuration list for PBXNativeTarget "MovieDemoAppTests" */ = {
			isa = XCConfigurationList;
			buildConfigurations = (
				2F864D412E02ABA10003EEB0 /* Debug */,
				2F864D422E02ABA10003EEB0 /* Release */,
			);
			defaultConfigurationIsVisible = 0;
			defaultConfigurationName = Release;
		};
		2F864D432E02ABA10003EEB0 /* Build configuration list for PBXNativeTarget "MovieDemoAppUITests" */ = {
			isa = XCConfigurationList;
			buildConfigurations = (
				2F864D442E02ABA10003EEB0 /* Debug */,
				2F864D452E02ABA10003EEB0 /* Release */,
			);
			defaultConfigurationIsVisible = 0;
			defaultConfigurationName = Release;
		};
/* End XCConfigurationList section */
	};
	rootObject = 2F864D142E02AB9F0003EEB0 /* Project object */;
}
